
Microsoft Visual Studio Solution File, Format Version 12.00
# Visual Studio Version 16
VisualStudioVersion = 16.0.34301.259
MinimumVisualStudioVersion = 10.0.40219.1
Project("{FAE04EC0-301F-11D3-BF4B-00C04F79EFBC}") = "WallsOfYogurt", "WallsOfYogurt\WallsOfYogurt.csproj", "{9D0C1894-47F3-4FFF-8AF6-6CDE68313836}"
EndProject
Global
	GlobalSection(SolutionConfigurationPlatforms) = preSolution
		Debug|Any CPU = Debug|Any CPU
		Release|Any CPU = Release|Any CPU
	EndGlobalSection
	GlobalSection(ProjectConfigurationPlatforms) = postSolution
		{9D0C1894-47F3-4FFF-8AF6-6CDE68313836}.Debug|Any CPU.ActiveCfg = Debug|Any CPU
		{9D0C1894-47F3-4FFF-8AF6-6CDE68313836}.Debug|Any CPU.Build.0 = Debug|Any CPU
		{9D0C1894-47F3-4FFF-8AF6-6CDE68313836}.Release|Any CPU.ActiveCfg = Release|Any CPU
		{9D0C1894-47F3-4FFF-8AF6-6CDE68313836}.Release|Any CPU.Build.0 = Release|Any CPU
	EndGlobalSection
	GlobalSection(SolutionProperties) = preSolution
		HideSolutionNode = FALSE
	EndGlobalSection
	GlobalSection(ExtensibilityGlobals) = postSolution
		SolutionGuid = {BBC8982F-2173-48C6-81B1-F137C7F1266F}
	EndGlobalSection
EndGlobal
